
Microsoft Visual Studio Solution File, Format Version 12.00
# Visual Studio 15
VisualStudioVersion = 15.0.26730.16
MinimumVisualStudioVersion = 10.0.40219.1
Project("{FAE04EC0-301F-11D3-BF4B-00C04F79EFBC}") = "socialNote", "socialNote\socialNote.csproj", "{7ECCD63E-80C2-4A81-8FDA-5B0906693A38}"
EndProject
Project("{FAE04EC0-301F-11D3-BF4B-00C04F79EFBC}") = "Test", "Test\Test.csproj", "{44F9D664-9A1F-4729-9BC3-855DEB649733}"
EndProject
Global
	GlobalSection(SolutionConfigurationPlatforms) = preSolution
		Debug|Any CPU = Debug|Any CPU
		Release|Any CPU = Release|Any CPU
	EndGlobalSection
	GlobalSection(ProjectConfigurationPlatforms) = postSolution
		{7ECCD63E-80C2-4A81-8FDA-5B0906693A38}.Debug|Any CPU.ActiveCfg = Debug|Any CPU
		{7ECCD63E-80C2-4A81-8FDA-5B0906693A38}.Debug|Any CPU.Build.0 = Debug|Any CPU
		{7ECCD63E-80C2-4A81-8FDA-5B0906693A38}.Release|Any CPU.ActiveCfg = Release|Any CPU
		{7ECCD63E-80C2-4A81-8FDA-5B0906693A38}.Release|Any CPU.Build.0 = Release|Any CPU
		{44F9D664-9A1F-4729-9BC3-855DEB649733}.Debug|Any CPU.ActiveCfg = Debug|Any CPU
		{44F9D664-9A1F-4729-9BC3-855DEB649733}.Debug|Any CPU.Build.0 = Debug|Any CPU
		{44F9D664-9A1F-4729-9BC3-855DEB649733}.Release|Any CPU.ActiveCfg = Release|Any CPU
		{44F9D664-9A1F-4729-9BC3-855DEB649733}.Release|Any CPU.Build.0 = Release|Any CPU
	EndGlobalSection
	GlobalSection(SolutionProperties) = preSolution
		HideSolutionNode = FALSE
	EndGlobalSection
	GlobalSection(ExtensibilityGlobals) = postSolution
		SolutionGuid = {E9039E85-594C-41BD-914B-ACA87F326359}
	EndGlobalSection
EndGlobal
